
Microsoft Visual Studio Solution File, Format Version 12.00
# Visual Studio Version 17
VisualStudioVersion = 17.7.34221.43
MinimumVisualStudioVersion = 10.0.40219.1
Project("{9A19103F-16F7-4668-BE54-9A1E7A4F7556}") = "WeerTest", "WeerTest\WeerTest.csproj", "{AD741BD7-F26D-42E9-94C2-FC59C6E606A2}"
EndProject
Project("{FAE04EC0-301F-11D3-BF4B-00C04F79EFBC}") = "WEERAPI", "WEERAPI\WEERAPI.csproj", "{466C35B5-D8F4-41A1-8E2B-762167FBE6AE}"
EndProject
Global
	GlobalSection(SolutionConfigurationPlatforms) = preSolution
		Debug|Any CPU = Debug|Any CPU
		Release|Any CPU = Release|Any CPU
	EndGlobalSection
	GlobalSection(ProjectConfigurationPlatforms) = postSolution
		{AD741BD7-F26D-42E9-94C2-FC59C6E606A2}.Debug|Any CPU.ActiveCfg = Debug|Any CPU
		{AD741BD7-F26D-42E9-94C2-FC59C6E606A2}.Debug|Any CPU.Build.0 = Debug|Any CPU
		{AD741BD7-F26D-42E9-94C2-FC59C6E606A2}.Release|Any CPU.ActiveCfg = Release|Any CPU
		{AD741BD7-F26D-42E9-94C2-FC59C6E606A2}.Release|Any CPU.Build.0 = Release|Any CPU
		{466C35B5-D8F4-41A1-8E2B-762167FBE6AE}.Debug|Any CPU.ActiveCfg = Debug|Any CPU
		{466C35B5-D8F4-41A1-8E2B-762167FBE6AE}.Debug|Any CPU.Build.0 = Debug|Any CPU
		{466C35B5-D8F4-41A1-8E2B-762167FBE6AE}.Release|Any CPU.ActiveCfg = Release|Any CPU
		{466C35B5-D8F4-41A1-8E2B-762167FBE6AE}.Release|Any CPU.Build.0 = Release|Any CPU
	EndGlobalSection
	GlobalSection(SolutionProperties) = preSolution
		HideSolutionNode = FALSE
	EndGlobalSection
	GlobalSection(ExtensibilityGlobals) = postSolution
		SolutionGuid = {BA03375A-4F3F-446F-8F11-B9104D1A54E0}
	EndGlobalSection
EndGlobal
